// !$*UTF8*$!
{
	archiveVersion = 1;
	classes = {
	};
	objectVersion = 56;
	objects = {

/* Begin PBXBuildFile section */
		5621C769299830B700625D55 /* PostViewModel.swift in Sources */ = {isa = PBXBuildFile; fileRef = 5621C768299830B700625D55 /* PostViewModel.swift */; };
		5621C76C2998B73E00625D55 /* FirebaseFirestore in Frameworks */ = {isa = PBXBuildFile; productRef = 5621C76B2998B73E00625D55 /* FirebaseFirestore */; };
		5621C76E2998B73E00625D55 /* FirebaseFirestoreSwift in Frameworks */ = {isa = PBXBuildFile; productRef = 5621C76D2998B73E00625D55 /* FirebaseFirestoreSwift */; };
		5621C7702998B73E00625D55 /* FirebaseStorage in Frameworks */ = {isa = PBXBuildFile; productRef = 5621C76F2998B73E00625D55 /* FirebaseStorage */; };
		5621C781299D4F1900625D55 /* GoogleService-Info.plist in Resources */ = {isa = PBXBuildFile; fileRef = 5621C780299D4F1900625D55 /* GoogleService-Info.plist */; };
		5621C783299D4F5000625D55 /* PostsViewModel.swift in Sources */ = {isa = PBXBuildFile; fileRef = 5621C782299D4F5000625D55 /* PostsViewModel.swift */; };
		5621C786299D4FB400625D55 /* SDWebImageSwiftUI in Frameworks */ = {isa = PBXBuildFile; productRef = 5621C785299D4FB400625D55 /* SDWebImageSwiftUI */; };
		5621EBA2299E700900415833 /* FirebaseMessaging in Frameworks */ = {isa = PBXBuildFile; productRef = 5621EBA1299E700900415833 /* FirebaseMessaging */; };
		5621EBAC299E9DC000415833 /* LocationManager.swift in Sources */ = {isa = PBXBuildFile; fileRef = 5621EBAB299E9DC000415833 /* LocationManager.swift */; };
		5621EBAE299EAA8100415833 /* TodayCardView.swift in Sources */ = {isa = PBXBuildFile; fileRef = 5621EBAD299EAA8000415833 /* TodayCardView.swift */; };
		562C5D1B298ACF2400A23762 /* DaltiApp.swift in Sources */ = {isa = PBXBuildFile; fileRef = 562C5D1A298ACF2400A23762 /* DaltiApp.swift */; };
		562C5D1D298ACF2400A23762 /* SignIn.swift in Sources */ = {isa = PBXBuildFile; fileRef = 562C5D1C298ACF2400A23762 /* SignIn.swift */; };
		562C5D1F298ACF2600A23762 /* Assets.xcassets in Resources */ = {isa = PBXBuildFile; fileRef = 562C5D1E298ACF2600A23762 /* Assets.xcassets */; };
		562C5D22298ACF2600A23762 /* Preview Assets.xcassets in Resources */ = {isa = PBXBuildFile; fileRef = 562C5D21298ACF2600A23762 /* Preview Assets.xcassets */; };
		562C5D2C298ACFBD00A23762 /* SignUp.swift in Sources */ = {isa = PBXBuildFile; fileRef = 562C5D2B298ACFBD00A23762 /* SignUp.swift */; };
		562C5D2E298AD00700A23762 /* Community.swift in Sources */ = {isa = PBXBuildFile; fileRef = 562C5D2D298AD00700A23762 /* Community.swift */; };
		562C5D30298AD01800A23762 /* Profile.swift in Sources */ = {isa = PBXBuildFile; fileRef = 562C5D2F298AD01800A23762 /* Profile.swift */; };
		562C5D32298AD02B00A23762 /* Post.swift in Sources */ = {isa = PBXBuildFile; fileRef = 562C5D31298AD02B00A23762 /* Post.swift */; };
		562C5D34298AD03700A23762 /* Chat.swift in Sources */ = {isa = PBXBuildFile; fileRef = 562C5D33298AD03700A23762 /* Chat.swift */; };
		562C5D36298AD06500A23762 /* Splash.swift in Sources */ = {isa = PBXBuildFile; fileRef = 562C5D35298AD06500A23762 /* Splash.swift */; };
		56DED37229902F1900453E73 /* ScaledButtonStyle.swift in Sources */ = {isa = PBXBuildFile; fileRef = 56DED37129902F1900453E73 /* ScaledButtonStyle.swift */; };
		56DED3742990315900453E73 /* CustomCorner.swift in Sources */ = {isa = PBXBuildFile; fileRef = 56DED3732990315900453E73 /* CustomCorner.swift */; };
		56E2E6BD298EE66600A9979B /* PostModel.swift in Sources */ = {isa = PBXBuildFile; fileRef = 56E2E6BC298EE66600A9979B /* PostModel.swift */; };
/* End PBXBuildFile section */

/* Begin PBXFileReference section */
		5621C768299830B700625D55 /* PostViewModel.swift */ = {isa = PBXFileReference; lastKnownFileType = sourcecode.swift; path = PostViewModel.swift; sourceTree = "<group>"; };
		5621C780299D4F1900625D55 /* GoogleService-Info.plist */ = {isa = PBXFileReference; fileEncoding = 4; lastKnownFileType = text.plist.xml; path = "GoogleService-Info.plist"; sourceTree = "<group>"; };
		5621C782299D4F5000625D55 /* PostsViewModel.swift */ = {isa = PBXFileReference; fileEncoding = 4; lastKnownFileType = sourcecode.swift; path = PostsViewModel.swift; sourceTree = "<group>"; };
		5621C7A3299E1B2500625D55 /* Dalti.entitlements */ = {isa = PBXFileReference; lastKnownFileType = text.plist.entitlements; path = Dalti.entitlements; sourceTree = "<group>"; };
		5621EBA3299E726200415833 /* Info.plist */ = {isa = PBXFileReference; lastKnownFileType = text.plist; path = Info.plist; sourceTree = "<group>"; };
		5621EBAB299E9DC000415833 /* LocationManager.swift */ = {isa = PBXFileReference; lastKnownFileType = sourcecode.swift; path = LocationManager.swift; sourceTree = "<group>"; };
		5621EBAD299EAA8000415833 /* TodayCardView.swift */ = {isa = PBXFileReference; lastKnownFileType = sourcecode.swift; path = TodayCardView.swift; sourceTree = "<group>"; };
		562C5D17298ACF2400A23762 /* Dalti.app */ = {isa = PBXFileReference; explicitFileType = wrapper.application; includeInIndex = 0; path = Dalti.app; sourceTree = BUILT_PRODUCTS_DIR; };
		562C5D1A298ACF2400A23762 /* DaltiApp.swift */ = {isa = PBXFileReference; lastKnownFileType = sourcecode.swift; path = DaltiApp.swift; sourceTree = "<group>"; };
		562C5D1C298ACF2400A23762 /* SignIn.swift */ = {isa = PBXFileReference; lastKnownFileType = sourcecode.swift; path = SignIn.swift; sourceTree = "<group>"; };
		562C5D1E298ACF2600A23762 /* Assets.xcassets */ = {isa = PBXFileReference; lastKnownFileType = folder.assetcatalog; path = Assets.xcassets; sourceTree = "<group>"; };
		562C5D21298ACF2600A23762 /* Preview Assets.xcassets */ = {isa = PBXFileReference; lastKnownFileType = folder.assetcatalog; path = "Preview Assets.xcassets"; sourceTree = "<group>"; };
		562C5D2B298ACFBD00A23762 /* SignUp.swift */ = {isa = PBXFileReference; lastKnownFileType = sourcecode.swift; path = SignUp.swift; sourceTree = "<group>"; };
		562C5D2D298AD00700A23762 /* Community.swift */ = {isa = PBXFileReference; lastKnownFileType = sourcecode.swift; path = Community.swift; sourceTree = "<group>"; };
		562C5D2F298AD01800A23762 /* Profile.swift */ = {isa = PBXFileReference; lastKnownFileType = sourcecode.swift; path = Profile.swift; sourceTree = "<group>"; };
		562C5D31298AD02B00A23762 /* Post.swift */ = {isa = PBXFileReference; lastKnownFileType = sourcecode.swift; path = Post.swift; sourceTree = "<group>"; };
		562C5D33298AD03700A23762 /* Chat.swift */ = {isa = PBXFileReference; lastKnownFileType = sourcecode.swift; path = Chat.swift; sourceTree = "<group>"; };
		562C5D35298AD06500A23762 /* Splash.swift */ = {isa = PBXFileReference; lastKnownFileType = sourcecode.swift; path = Splash.swift; sourceTree = "<group>"; };
		56DED37129902F1900453E73 /* ScaledButtonStyle.swift */ = {isa = PBXFileReference; lastKnownFileType = sourcecode.swift; path = ScaledButtonStyle.swift; sourceTree = "<group>"; };
		56DED3732990315900453E73 /* CustomCorner.swift */ = {isa = PBXFileReference; lastKnownFileType = sourcecode.swift; path = CustomCorner.swift; sourceTree = "<group>"; };
		56E2E6BC298EE66600A9979B /* PostModel.swift */ = {isa = PBXFileReference; lastKnownFileType = sourcecode.swift; path = PostModel.swift; sourceTree = "<group>"; };
/* End PBXFileReference section */

/* Begin PBXFrameworksBuildPhase section */
		562C5D14298ACF2400A23762 /* Frameworks */ = {
			isa = PBXFrameworksBuildPhase;
			buildActionMask = 2147483647;
			files = (
				5621C786299D4FB400625D55 /* SDWebImageSwiftUI in Frameworks */,
				5621C76C2998B73E00625D55 /* FirebaseFirestore in Frameworks */,
				5621EBA2299E700900415833 /* FirebaseMessaging in Frameworks */,
				5621C76E2998B73E00625D55 /* FirebaseFirestoreSwift in Frameworks */,
				5621C7702998B73E00625D55 /* FirebaseStorage in Frameworks */,
			);
			runOnlyForDeploymentPostprocessing = 0;
		};
/* End PBXFrameworksBuildPhase section */

/* Begin PBXGroup section */
		5621EBA0299E700900415833 /* Frameworks */ = {
			isa = PBXGroup;
			children = (
			);
			name = Frameworks;
			sourceTree = "<group>";
		};
		562C5D0E298ACF2400A23762 = {
			isa = PBXGroup;
			children = (
				562C5D19298ACF2400A23762 /* Dalti */,
				562C5D18298ACF2400A23762 /* Products */,
				5621EBA0299E700900415833 /* Frameworks */,
			);
			sourceTree = "<group>";
		};
		562C5D18298ACF2400A23762 /* Products */ = {
			isa = PBXGroup;
			children = (
				562C5D17298ACF2400A23762 /* Dalti.app */,
			);
			name = Products;
			sourceTree = "<group>";
		};
		562C5D19298ACF2400A23762 /* Dalti */ = {
			isa = PBXGroup;
			children = (
				5621EBA3299E726200415833 /* Info.plist */,
				5621C7A3299E1B2500625D55 /* Dalti.entitlements */,
				5621C780299D4F1900625D55 /* GoogleService-Info.plist */,
				562C5D2A298ACF5200A23762 /* Model */,
				562C5D29298ACF4900A23762 /* ViewModel */,
				562C5D28298ACF4100A23762 /* View */,
				562C5D1A298ACF2400A23762 /* DaltiApp.swift */,
				562C5D1E298ACF2600A23762 /* Assets.xcassets */,
				562C5D20298ACF2600A23762 /* Preview Content */,
			);
			path = Dalti;
			sourceTree = "<group>";
		};
		562C5D20298ACF2600A23762 /* Preview Content */ = {
			isa = PBXGroup;
			children = (
				562C5D21298ACF2600A23762 /* Preview Assets.xcassets */,
			);
			path = "Preview Content";
			sourceTree = "<group>";
		};
		562C5D28298ACF4100A23762 /* View */ = {
			isa = PBXGroup;
			children = (
				56DED36E29902EF000453E73 /* Helper */,
				562C5D2B298ACFBD00A23762 /* SignUp.swift */,
				562C5D1C298ACF2400A23762 /* SignIn.swift */,
				562C5D2D298AD00700A23762 /* Community.swift */,
				562C5D2F298AD01800A23762 /* Profile.swift */,
				562C5D31298AD02B00A23762 /* Post.swift */,
				562C5D33298AD03700A23762 /* Chat.swift */,
				562C5D35298AD06500A23762 /* Splash.swift */,
				56DED3732990315900453E73 /* CustomCorner.swift */,
				5621EBAD299EAA8000415833 /* TodayCardView.swift */,
			);
			path = View;
			sourceTree = "<group>";
		};
		562C5D29298ACF4900A23762 /* ViewModel */ = {
			isa = PBXGroup;
			children = (
				5621C782299D4F5000625D55 /* PostsViewModel.swift */,
				5621EBAB299E9DC000415833 /* LocationManager.swift */,
				5621C768299830B700625D55 /* PostViewModel.swift */,
			);
			path = ViewModel;
			sourceTree = "<group>";
		};
		562C5D2A298ACF5200A23762 /* Model */ = {
			isa = PBXGroup;
			children = (
				56E2E6BC298EE66600A9979B /* PostModel.swift */,
			);
			path = Model;
			sourceTree = "<group>";
		};
		56DED36E29902EF000453E73 /* Helper */ = {
			isa = PBXGroup;
			children = (
				56DED37129902F1900453E73 /* ScaledButtonStyle.swift */,
			);
			path = Helper;
			sourceTree = "<group>";
		};
/* End PBXGroup section */

/* Begin PBXNativeTarget section */
		562C5D16298ACF2400A23762 /* Dalti */ = {
			isa = PBXNativeTarget;
			buildConfigurationList = 562C5D25298ACF2600A23762 /* Build configuration list for PBXNativeTarget "Dalti" */;
			buildPhases = (
				562C5D13298ACF2400A23762 /* Sources */,
				562C5D14298ACF2400A23762 /* Frameworks */,
				562C5D15298ACF2400A23762 /* Resources */,
			);
			buildRules = (
			);
			dependencies = (
			);
			name = Dalti;
			packageProductDependencies = (
				5621C76B2998B73E00625D55 /* FirebaseFirestore */,
				5621C76D2998B73E00625D55 /* FirebaseFirestoreSwift */,
				5621C76F2998B73E00625D55 /* FirebaseStorage */,
				5621C785299D4FB400625D55 /* SDWebImageSwiftUI */,
				5621EBA1299E700900415833 /* FirebaseMessaging */,
			);
			productName = Dalti;
			productReference = 562C5D17298ACF2400A23762 /* Dalti.app */;
			productType = "com.apple.product-type.application";
		};
/* End PBXNativeTarget section */

/* Begin PBXProject section */
		562C5D0F298ACF2400A23762 /* Project object */ = {
			isa = PBXProject;
			attributes = {
				BuildIndependentTargetsInParallel = 1;
				LastSwiftUpdateCheck = 1420;
				LastUpgradeCheck = 1420;
				TargetAttributes = {
					562C5D16298ACF2400A23762 = {
						CreatedOnToolsVersion = 14.2;
					};
				};
			};
			buildConfigurationList = 562C5D12298ACF2400A23762 /* Build configuration list for PBXProject "Dalti" */;
			compatibilityVersion = "Xcode 14.0";
			developmentRegion = en;
			hasScannedForEncodings = 0;
			knownRegions = (
				en,
				Base,
			);
			mainGroup = 562C5D0E298ACF2400A23762;
			packageReferences = (
				5621C76A2998B73D00625D55 /* XCRemoteSwiftPackageReference "firebase-ios-sdk" */,
				5621C784299D4FB400625D55 /* XCRemoteSwiftPackageReference "SDWebImageSwiftUI" */,
			);
			productRefGroup = 562C5D18298ACF2400A23762 /* Products */;
			projectDirPath = "";
			projectRoot = "";
			targets = (
				562C5D16298ACF2400A23762 /* Dalti */,
			);
		};
/* End PBXProject section */

/* Begin PBXResourcesBuildPhase section */
		562C5D15298ACF2400A23762 /* Resources */ = {
			isa = PBXResourcesBuildPhase;
			buildActionMask = 2147483647;
			files = (
				562C5D22298ACF2600A23762 /* Preview Assets.xcassets in Resources */,
				562C5D1F298ACF2600A23762 /* Assets.xcassets in Resources */,
				5621C781299D4F1900625D55 /* GoogleService-Info.plist in Resources */,
			);
			runOnlyForDeploymentPostprocessing = 0;
		};
/* End PBXResourcesBuildPhase section */

/* Begin PBXSourcesBuildPhase section */
		562C5D13298ACF2400A23762 /* Sources */ = {
			isa = PBXSourcesBuildPhase;
			buildActionMask = 2147483647;
			files = (
				5621C769299830B700625D55 /* PostViewModel.swift in Sources */,
				562C5D1D298ACF2400A23762 /* SignIn.swift in Sources */,
				5621C783299D4F5000625D55 /* PostsViewModel.swift in Sources */,
				56DED3742990315900453E73 /* CustomCorner.swift in Sources */,
				562C5D30298AD01800A23762 /* Profile.swift in Sources */,
				562C5D36298AD06500A23762 /* Splash.swift in Sources */,
				5621EBAE299EAA8100415833 /* TodayCardView.swift in Sources */,
				562C5D34298AD03700A23762 /* Chat.swift in Sources */,
				56E2E6BD298EE66600A9979B /* PostModel.swift in Sources */,
				562C5D2C298ACFBD00A23762 /* SignUp.swift in Sources */,
				562C5D32298AD02B00A23762 /* Post.swift in Sources */,
				5621EBAC299E9DC000415833 /* LocationManager.swift in Sources */,
				562C5D1B298ACF2400A23762 /* DaltiApp.swift in Sources */,
				562C5D2E298AD00700A23762 /* Community.swift in Sources */,
				56DED37229902F1900453E73 /* ScaledButtonStyle.swift in Sources */,
			);
			runOnlyForDeploymentPostprocessing = 0;
		};
/* End PBXSourcesBuildPhase section */

/* Begin XCBuildConfiguration section */
		562C5D23298ACF2600A23762 /* Debug */ = {
			isa = XCBuildConfiguration;
			buildSettings = {
				ALWAYS_SEARCH_USER_PATHS = NO;
				CLANG_ANALYZER_NONNULL = YES;
				CLANG_ANALYZER_NUMBER_OBJECT_CONVERSION = YES_AGGRESSIVE;
				CLANG_CXX_LANGUAGE_STANDARD = "gnu++20";
				CLANG_ENABLE_MODULES = YES;
				CLANG_ENABLE_OBJC_ARC = YES;
				CLANG_ENABLE_OBJC_WEAK = YES;
				CLANG_WARN_BLOCK_CAPTURE_AUTORELEASING = YES;
				CLANG_WARN_BOOL_CONVERSION = YES;
				CLANG_WARN_COMMA = YES;
				CLANG_WARN_CONSTANT_CONVERSION = YES;
				CLANG_WARN_DEPRECATED_OBJC_IMPLEMENTATIONS = YES;
				CLANG_WARN_DIRECT_OBJC_ISA_USAGE = YES_ERROR;
				CLANG_WARN_DOCUMENTATION_COMMENTS = YES;
				CLANG_WARN_EMPTY_BODY = YES;
				CLANG_WARN_ENUM_CONVERSION = YES;
				CLANG_WARN_INFINITE_RECURSION = YES;
				CLANG_WARN_INT_CONVERSION = YES;
				CLANG_WARN_NON_LITERAL_NULL_CONVERSION = YES;
				CLANG_WARN_OBJC_IMPLICIT_RETAIN_SELF = YES;
				CLANG_WARN_OBJC_LITERAL_CONVERSION = YES;
				CLANG_WARN_OBJC_ROOT_CLASS = YES_ERROR;
				CLANG_WARN_QUOTED_INCLUDE_IN_FRAMEWORK_HEADER = YES;
				CLANG_WARN_RANGE_LOOP_ANALYSIS = YES;
				CLANG_WARN_STRICT_PROTOTYPES = YES;
				CLANG_WARN_SUSPICIOUS_MOVE = YES;
				CLANG_WARN_UNGUARDED_AVAILABILITY = YES_AGGRESSIVE;
				CLANG_WARN_UNREACHABLE_CODE = YES;
				CLANG_WARN__DUPLICATE_METHOD_MATCH = YES;
				COPY_PHASE_STRIP = NO;
				DEBUG_INFORMATION_FORMAT = dwarf;
				ENABLE_STRICT_OBJC_MSGSEND = YES;
				ENABLE_TESTABILITY = YES;
				GCC_C_LANGUAGE_STANDARD = gnu11;
				GCC_DYNAMIC_NO_PIC = NO;
				GCC_NO_COMMON_BLOCKS = YES;
				GCC_OPTIMIZATION_LEVEL = 0;
				GCC_PREPROCESSOR_DEFINITIONS = (
					"DEBUG=1",
					"$(inherited)",
				);
				GCC_WARN_64_TO_32_BIT_CONVERSION = YES;
				GCC_WARN_ABOUT_RETURN_TYPE = YES_ERROR;
				GCC_WARN_UNDECLARED_SELECTOR = YES;
				GCC_WARN_UNINITIALIZED_AUTOS = YES_AGGRESSIVE;
				GCC_WARN_UNUSED_FUNCTION = YES;
				GCC_WARN_UNUSED_VARIABLE = YES;
				IPHONEOS_DEPLOYMENT_TARGET = 16.2;
				MTL_ENABLE_DEBUG_INFO = INCLUDE_SOURCE;
				MTL_FAST_MATH = YES;
				ONLY_ACTIVE_ARCH = YES;
				SDKROOT = iphoneos;
				SWIFT_ACTIVE_COMPILATION_CONDITIONS = DEBUG;
				SWIFT_OPTIMIZATION_LEVEL = "-Onone";
			};
			name = Debug;
		};
		562C5D24298ACF2600A23762 /* Release */ = {
			isa = XCBuildConfiguration;
			buildSettings = {
				ALWAYS_SEARCH_USER_PATHS = NO;
				CLANG_ANALYZER_NONNULL = YES;
				CLANG_ANALYZER_NUMBER_OBJECT_CONVERSION = YES_AGGRESSIVE;
				CLANG_CXX_LANGUAGE_STANDARD = "gnu++20";
				CLANG_ENABLE_MODULES = YES;
				CLANG_ENABLE_OBJC_ARC = YES;
				CLANG_ENABLE_OBJC_WEAK = YES;
				CLANG_WARN_BLOCK_CAPTURE_AUTORELEASING = YES;
				CLANG_WARN_BOOL_CONVERSION = YES;
				CLANG_WARN_COMMA = YES;
				CLANG_WARN_CONSTANT_CONVERSION = YES;
				CLANG_WARN_DEPRECATED_OBJC_IMPLEMENTATIONS = YES;
				CLANG_WARN_DIRECT_OBJC_ISA_USAGE = YES_ERROR;
				CLANG_WARN_DOCUMENTATION_COMMENTS = YES;
				CLANG_WARN_EMPTY_BODY = YES;
				CLANG_WARN_ENUM_CONVERSION = YES;
				CLANG_WARN_INFINITE_RECURSION = YES;
				CLANG_WARN_INT_CONVERSION = YES;
				CLANG_WARN_NON_LITERAL_NULL_CONVERSION = YES;
				CLANG_WARN_OBJC_IMPLICIT_RETAIN_SELF = YES;
				CLANG_WARN_OBJC_LITERAL_CONVERSION = YES;
				CLANG_WARN_OBJC_ROOT_CLASS = YES_ERROR;
				CLANG_WARN_QUOTED_INCLUDE_IN_FRAMEWORK_HEADER = YES;
				CLANG_WARN_RANGE_LOOP_ANALYSIS = YES;
				CLANG_WARN_STRICT_PROTOTYPES = YES;
				CLANG_WARN_SUSPICIOUS_MOVE = YES;
				CLANG_WARN_UNGUARDED_AVAILABILITY = YES_AGGRESSIVE;
				CLANG_WARN_UNREACHABLE_CODE = YES;
				CLANG_WARN__DUPLICATE_METHOD_MATCH = YES;
				COPY_PHASE_STRIP = NO;
				DEBUG_INFORMATION_FORMAT = "dwarf-with-dsym";
				ENABLE_NS_ASSERTIONS = NO;
				ENABLE_STRICT_OBJC_MSGSEND = YES;
				GCC_C_LANGUAGE_STANDARD = gnu11;
				GCC_NO_COMMON_BLOCKS = YES;
				GCC_WARN_64_TO_32_BIT_CONVERSION = YES;
				GCC_WARN_ABOUT_RETURN_TYPE = YES_ERROR;
				GCC_WARN_UNDECLARED_SELECTOR = YES;
				GCC_WARN_UNINITIALIZED_AUTOS = YES_AGGRESSIVE;
				GCC_WARN_UNUSED_FUNCTION = YES;
				GCC_WARN_UNUSED_VARIABLE = YES;
				IPHONEOS_DEPLOYMENT_TARGET = 16.2;
				MTL_ENABLE_DEBUG_INFO = NO;
				MTL_FAST_MATH = YES;
				SDKROOT = iphoneos;
				SWIFT_COMPILATION_MODE = wholemodule;
				SWIFT_OPTIMIZATION_LEVEL = "-O";
				VALIDATE_PRODUCT = YES;
			};
			name = Release;
		};
		562C5D26298ACF2600A23762 /* Debug */ = {
			isa = XCBuildConfiguration;
			buildSettings = {
				ASSETCATALOG_COMPILER_APPICON_NAME = AppIcon;
				ASSETCATALOG_COMPILER_GLOBAL_ACCENT_COLOR_NAME = AccentColor;
				CODE_SIGN_ENTITLEMENTS = Dalti/Dalti.entitlements;
				CODE_SIGN_STYLE = Automatic;
				CURRENT_PROJECT_VERSION = 1;
				DEVELOPMENT_ASSET_PATHS = "\"Dalti/Preview Content\"";
				DEVELOPMENT_TEAM = 44QNX63HR6;
				ENABLE_PREVIEWS = YES;
				GENERATE_INFOPLIST_FILE = YES;
				INFOPLIST_FILE = Dalti/Info.plist;
				INFOPLIST_KEY_UIApplicationSceneManifest_Generation = YES;
				INFOPLIST_KEY_UIApplicationSupportsIndirectInputEvents = YES;
				INFOPLIST_KEY_UILaunchScreen_Generation = YES;
				INFOPLIST_KEY_UISupportedInterfaceOrientations_iPad = "UIInterfaceOrientationPortrait UIInterfaceOrientationPortraitUpsideDown UIInterfaceOrientationLandscapeLeft UIInterfaceOrientationLandscapeRight";
				INFOPLIST_KEY_UISupportedInterfaceOrientations_iPhone = "UIInterfaceOrientationPortrait UIInterfaceOrientationLandscapeLeft UIInterfaceOrientationLandscapeRight";
				LD_RUNPATH_SEARCH_PATHS = (
					"$(inherited)",
					"@executable_path/Frameworks",
				);
				MARKETING_VERSION = 1.0;
				PRODUCT_BUNDLE_IDENTIFIER = me.sara.Dalti;
				PRODUCT_NAME = "$(TARGET_NAME)";
				SWIFT_EMIT_LOC_STRINGS = YES;
				SWIFT_VERSION = 5.0;
				TARGETED_DEVICE_FAMILY = "1,2";
			};
			name = Debug;
		};
		562C5D27298ACF2600A23762 /* Release */ = {
			isa = XCBuildConfiguration;
			buildSettings = {
				ASSETCATALOG_COMPILER_APPICON_NAME = AppIcon;
				ASSETCATALOG_COMPILER_GLOBAL_ACCENT_COLOR_NAME = AccentColor;
				CODE_SIGN_ENTITLEMENTS = Dalti/Dalti.entitlements;
				CODE_SIGN_STYLE = Automatic;
				CURRENT_PROJECT_VERSION = 1;
				DEVELOPMENT_ASSET_PATHS = "\"Dalti/Preview Content\"";
				DEVELOPMENT_TEAM = 44QNX63HR6;
				ENABLE_PREVIEWS = YES;
				GENERATE_INFOPLIST_FILE = YES;
				INFOPLIST_FILE = Dalti/Info.plist;
				INFOPLIST_KEY_UIApplicationSceneManifest_Generation = YES;
				INFOPLIST_KEY_UIApplicationSupportsIndirectInputEvents = YES;
				INFOPLIST_KEY_UILaunchScreen_Generation = YES;
				INFOPLIST_KEY_UISupportedInterfaceOrientations_iPad = "UIInterfaceOrientationPortrait UIInterfaceOrientationPortraitUpsideDown UIInterfaceOrientationLandscapeLeft UIInterfaceOrientationLandscapeRight";
				INFOPLIST_KEY_UISupportedInterfaceOrientations_iPhone = "UIInterfaceOrientationPortrait UIInterfaceOrientationLandscapeLeft UIInterfaceOrientationLandscapeRight";
				LD_RUNPATH_SEARCH_PATHS = (
					"$(inherited)",
					"@executable_path/Frameworks",
				);
				MARKETING_VERSION = 1.0;
				PRODUCT_BUNDLE_IDENTIFIER = me.sara.Dalti;
				PRODUCT_NAME = "$(TARGET_NAME)";
				SWIFT_EMIT_LOC_STRINGS = YES;
				SWIFT_VERSION = 5.0;
				TARGETED_DEVICE_FAMILY = "1,2";
			};
			name = Release;
		};
/* End XCBuildConfiguration section */

/* Begin XCConfigurationList section */
		562C5D12298ACF2400A23762 /* Build configuration list for PBXProject "Dalti" */ = {
			isa = XCConfigurationList;
			buildConfigurations = (
				562C5D23298ACF2600A23762 /* Debug */,
				562C5D24298ACF2600A23762 /* Release */,
			);
			defaultConfigurationIsVisible = 0;
			defaultConfigurationName = Release;
		};
		562C5D25298ACF2600A23762 /* Build configuration list for PBXNativeTarget "Dalti" */ = {
			isa = XCConfigurationList;
			buildConfigurations = (
				562C5D26298ACF2600A23762 /* Debug */,
				562C5D27298ACF2600A23762 /* Release */,
			);
			defaultConfigurationIsVisible = 0;
			defaultConfigurationName = Release;
		};
/* End XCConfigurationList section */

/* Begin XCRemoteSwiftPackageReference section */
		5621C76A2998B73D00625D55 /* XCRemoteSwiftPackageReference "firebase-ios-sdk" */ = {
			isa = XCRemoteSwiftPackageReference;
			repositoryURL = "https://github.com/firebase/firebase-ios-sdk.git";
			requirement = {
				branch = master;
				kind = branch;
			};
		};
		5621C784299D4FB400625D55 /* XCRemoteSwiftPackageReference "SDWebImageSwiftUI" */ = {
			isa = XCRemoteSwiftPackageReference;
			repositoryURL = "https://github.com/SDWebImage/SDWebImageSwiftUI.git";
			requirement = {
				branch = master;
				kind = branch;
			};
		};
/* End XCRemoteSwiftPackageReference section */

/* Begin XCSwiftPackageProductDependency section */
		5621C76B2998B73E00625D55 /* FirebaseFirestore */ = {
			isa = XCSwiftPackageProductDependency;
			package = 5621C76A2998B73D00625D55 /* XCRemoteSwiftPackageReference "firebase-ios-sdk" */;
			productName = FirebaseFirestore;
		};
		5621C76D2998B73E00625D55 /* FirebaseFirestoreSwift */ = {
			isa = XCSwiftPackageProductDependency;
			package = 5621C76A2998B73D00625D55 /* XCRemoteSwiftPackageReference "firebase-ios-sdk" */;
			productName = FirebaseFirestoreSwift;
		};
		5621C76F2998B73E00625D55 /* FirebaseStorage */ = {
			isa = XCSwiftPackageProductDependency;
			package = 5621C76A2998B73D00625D55 /* XCRemoteSwiftPackageReference "firebase-ios-sdk" */;
			productName = FirebaseStorage;
		};
		5621C785299D4FB400625D55 /* SDWebImageSwiftUI */ = {
			isa = XCSwiftPackageProductDependency;
			package = 5621C784299D4FB400625D55 /* XCRemoteSwiftPackageReference "SDWebImageSwiftUI" */;
			productName = SDWebImageSwiftUI;
		};
		5621EBA1299E700900415833 /* FirebaseMessaging */ = {
			isa = XCSwiftPackageProductDependency;
			package = 5621C76A2998B73D00625D55 /* XCRemoteSwiftPackageReference "firebase-ios-sdk" */;
			productName = FirebaseMessaging;
		};
/* End XCSwiftPackageProductDependency section */
	};
	rootObject = 562C5D0F298ACF2400A23762 /* Project object */;
}
